
Microsoft Visual Studio Solution File, Format Version 12.00
# Visual Studio Version 16
VisualStudioVersion = 16.0.31424.327
MinimumVisualStudioVersion = 10.0.40219.1
Project("{FAE04EC0-301F-11D3-BF4B-00C04F79EFBC}") = "Constructores", "Constructores\Constructores.csproj", "{73B31F30-1F58-488A-BB7C-3F7AA99748D6}"
EndProject
Global
	GlobalSection(SolutionConfigurationPlatforms) = preSolution
		Debug|Any CPU = Debug|Any CPU
		Release|Any CPU = Release|Any CPU
	EndGlobalSection
	GlobalSection(ProjectConfigurationPlatforms) = postSolution
		{73B31F30-1F58-488A-BB7C-3F7AA99748D6}.Debug|Any CPU.ActiveCfg = Debug|Any CPU
		{73B31F30-1F58-488A-BB7C-3F7AA99748D6}.Debug|Any CPU.Build.0 = Debug|Any CPU
		{73B31F30-1F58-488A-BB7C-3F7AA99748D6}.Release|Any CPU.ActiveCfg = Release|Any CPU
		{73B31F30-1F58-488A-BB7C-3F7AA99748D6}.Release|Any CPU.Build.0 = Release|Any CPU
	EndGlobalSection
	GlobalSection(SolutionProperties) = preSolution
		HideSolutionNode = FALSE
	EndGlobalSection
	GlobalSection(ExtensibilityGlobals) = postSolution
		SolutionGuid = {7803BC53-C9F2-4FE6-947C-22EEE1913CD5}
	EndGlobalSection
EndGlobal
